
Microsoft Visual Studio Solution File, Format Version 12.00
# Visual Studio Version 16
VisualStudioVersion = 16.0.31112.23
MinimumVisualStudioVersion = 10.0.40219.1
Project("{FAE04EC0-301F-11D3-BF4B-00C04F79EFBC}") = "OsuMapExtractor", "OsuMapExtractor.csproj", "{B16AB447-F1C6-4EAF-9218-58D4196CB14B}"
EndProject
Global
	GlobalSection(SolutionConfigurationPlatforms) = preSolution
		Debug|Any CPU = Debug|Any CPU
		Release|Any CPU = Release|Any CPU
	EndGlobalSection
	GlobalSection(ProjectConfigurationPlatforms) = postSolution
		{B16AB447-F1C6-4EAF-9218-58D4196CB14B}.Debug|Any CPU.ActiveCfg = Debug|Any CPU
		{B16AB447-F1C6-4EAF-9218-58D4196CB14B}.Debug|Any CPU.Build.0 = Debug|Any CPU
		{B16AB447-F1C6-4EAF-9218-58D4196CB14B}.Release|Any CPU.ActiveCfg = Release|Any CPU
		{B16AB447-F1C6-4EAF-9218-58D4196CB14B}.Release|Any CPU.Build.0 = Release|Any CPU
	EndGlobalSection
	GlobalSection(SolutionProperties) = preSolution
		HideSolutionNode = FALSE
	EndGlobalSection
	GlobalSection(ExtensibilityGlobals) = postSolution
		SolutionGuid = {F27F99A5-AE67-4B99-9D23-956356560E33}
	EndGlobalSection
EndGlobal
